// !$*UTF8*$!
{
	archiveVersion = 1;
	classes = {
	};
	objectVersion = 50;
	objects = {

/* Begin PBXBuildFile section */
		316647A2880CBE88EA9E32C9 /* main.m in Sources */ = {isa = PBXBuildFile; fileRef = 31664FF64BAD3AC7720357AD /* main.m */; };
		3166480C52A816BFA7B9B1D8 /* LaunchScreen.storyboard in Resources */ = {isa = PBXBuildFile; fileRef = 316643C210381E7EE0CD0DE3 /* LaunchScreen.storyboard */; };
		316648EF1F4B7FF55ADA1AA8 /* Assets.xcassets in Resources */ = {isa = PBXBuildFile; fileRef = 31664C324A3AFB1356B852B9 /* Assets.xcassets */; };
		31664C2014C78F7D0DBDAB1F /* Main.storyboard in Resources */ = {isa = PBXBuildFile; fileRef = 316644B4A5D46E75EF757408 /* Main.storyboard */; };
		31664E23D8289672AADF2F37 /* MMAppDelegate.m in Sources */ = {isa = PBXBuildFile; fileRef = 31664AAB1E9D8D6575770424 /* MMAppDelegate.m */; };
		476D428158B3151D75437CB1 /* libPods-MVVMDemo.a in Frameworks */ = {isa = PBXBuildFile; fileRef = A472BC874BF926DCE6EEA21F /* libPods-MVVMDemo.a */; };
		E61F34FD21E5E1C5006DB57A /* MMCityTravelNotesViewController.m in Sources */ = {isa = PBXBuildFile; fileRef = E61F34FC21E5E1C5006DB57A /* MMCityTravelNotesViewController.m */; };
		E61F350121E5E2C6006DB57A /* MMBaseViewController.m in Sources */ = {isa = PBXBuildFile; fileRef = E61F350021E5E2C6006DB57A /* MMBaseViewController.m */; };
		E61F350521E5EC9A006DB57A /* MMFindViewController.m in Sources */ = {isa = PBXBuildFile; fileRef = E61F350421E5EC9A006DB57A /* MMFindViewController.m */; };
		E61F351621E72E6F006DB57A /* MMViewModel.m in Sources */ = {isa = PBXBuildFile; fileRef = E61F351521E72E6F006DB57A /* MMViewModel.m */; };
		E61F353721E884AD006DB57A /* MMViewModelServiceImpl.m in Sources */ = {isa = PBXBuildFile; fileRef = E61F353621E884AD006DB57A /* MMViewModelServiceImpl.m */; };
		E65EE3F021EC8674001C9F87 /* MMNetWorking.m in Sources */ = {isa = PBXBuildFile; fileRef = E65EE3EE21EC8674001C9F87 /* MMNetWorking.m */; };
		E65EE3F121EC8674001C9F87 /* MMAppDotNetAPIClient.m in Sources */ = {isa = PBXBuildFile; fileRef = E65EE3EF21EC8674001C9F87 /* MMAppDotNetAPIClient.m */; };
		E65EE3F421EC8D44001C9F87 /* MMConst.m in Sources */ = {isa = PBXBuildFile; fileRef = E65EE3F321EC8D44001C9F87 /* MMConst.m */; };
		E65EE3F821EC8D86001C9F87 /* MMCityTravelProtocolImpl.m in Sources */ = {isa = PBXBuildFile; fileRef = E65EE3F721EC8D86001C9F87 /* MMCityTravelProtocolImpl.m */; };
		E65EE3FB21EC916E001C9F87 /* MMServerConfig.m in Sources */ = {isa = PBXBuildFile; fileRef = E65EE3FA21EC916E001C9F87 /* MMServerConfig.m */; };
		E67E835E21E305F8008615F2 /* AFNetworking.framework in Frameworks */ = {isa = PBXBuildFile; fileRef = E67E835D21E305F8008615F2 /* AFNetworking.framework */; };
		E6ADE85C21E3442400C464F0 /* MMFoldingTabBarControllerConfig.m in Sources */ = {isa = PBXBuildFile; fileRef = E6ADE85B21E3442400C464F0 /* MMFoldingTabBarControllerConfig.m */; };
/* End PBXBuildFile section */

/* Begin PBXFileReference section */
		1D71FE51E4B15D706CF68B9C /* Pods-MVVMDemo.release.xcconfig */ = {isa = PBXFileReference; includeInIndex = 1; lastKnownFileType = text.xcconfig; name = "Pods-MVVMDemo.release.xcconfig"; path = "Pods/Target Support Files/Pods-MVVMDemo/Pods-MVVMDemo.release.xcconfig"; sourceTree = "<group>"; };
		2364ABFC43B26AEA2A28FEE1 /* Pods-MVVMDemo.debug.xcconfig */ = {isa = PBXFileReference; includeInIndex = 1; lastKnownFileType = text.xcconfig; name = "Pods-MVVMDemo.debug.xcconfig"; path = "Pods/Target Support Files/Pods-MVVMDemo/Pods-MVVMDemo.debug.xcconfig"; sourceTree = "<group>"; };
		31664383DD4A120D72AF37BD /* MMAppDelegate.h */ = {isa = PBXFileReference; fileEncoding = 4; lastKnownFileType = sourcecode.c.h; path = MMAppDelegate.h; sourceTree = "<group>"; };
		316643C210381E7EE0CD0DE3 /* LaunchScreen.storyboard */ = {isa = PBXFileReference; lastKnownFileType = file.storyboard; path = LaunchScreen.storyboard; sourceTree = "<group>"; };
		316644B4A5D46E75EF757408 /* Main.storyboard */ = {isa = PBXFileReference; lastKnownFileType = file.storyboard; path = Main.storyboard; sourceTree = "<group>"; };
		3166463013DD0E959290312F /* Info.plist */ = {isa = PBXFileReference; fileEncoding = 4; lastKnownFileType = text.plist.info; path = Info.plist; sourceTree = "<group>"; };
		31664AAB1E9D8D6575770424 /* MMAppDelegate.m */ = {isa = PBXFileReference; fileEncoding = 4; lastKnownFileType = sourcecode.c.objc; path = MMAppDelegate.m; sourceTree = "<group>"; };
		31664C324A3AFB1356B852B9 /* Assets.xcassets */ = {isa = PBXFileReference; lastKnownFileType = folder.assetcatalog; path = Assets.xcassets; sourceTree = "<group>"; };
		31664FF64BAD3AC7720357AD /* main.m */ = {isa = PBXFileReference; fileEncoding = 4; lastKnownFileType = sourcecode.c.objc; path = main.m; sourceTree = "<group>"; };
		A472BC874BF926DCE6EEA21F /* libPods-MVVMDemo.a */ = {isa = PBXFileReference; explicitFileType = archive.ar; includeInIndex = 0; path = "libPods-MVVMDemo.a"; sourceTree = BUILT_PRODUCTS_DIR; };
		E61F34FA21E5DD29006DB57A /* MMConfig.h */ = {isa = PBXFileReference; lastKnownFileType = sourcecode.c.h; path = MMConfig.h; sourceTree = "<group>"; };
		E61F34FB21E5E1C5006DB57A /* MMCityTravelNotesViewController.h */ = {isa = PBXFileReference; lastKnownFileType = sourcecode.c.h; path = MMCityTravelNotesViewController.h; sourceTree = "<group>"; };
		E61F34FC21E5E1C5006DB57A /* MMCityTravelNotesViewController.m */ = {isa = PBXFileReference; lastKnownFileType = sourcecode.c.objc; path = MMCityTravelNotesViewController.m; sourceTree = "<group>"; };
		E61F34FF21E5E2C6006DB57A /* MMBaseViewController.h */ = {isa = PBXFileReference; lastKnownFileType = sourcecode.c.h; path = MMBaseViewController.h; sourceTree = "<group>"; };
		E61F350021E5E2C6006DB57A /* MMBaseViewController.m */ = {isa = PBXFileReference; lastKnownFileType = sourcecode.c.objc; path = MMBaseViewController.m; sourceTree = "<group>"; };
		E61F350321E5EC9A006DB57A /* MMFindViewController.h */ = {isa = PBXFileReference; lastKnownFileType = sourcecode.c.h; path = MMFindViewController.h; sourceTree = "<group>"; };
		E61F350421E5EC9A006DB57A /* MMFindViewController.m */ = {isa = PBXFileReference; lastKnownFileType = sourcecode.c.objc; path = MMFindViewController.m; sourceTree = "<group>"; };
		E61F351421E72E6F006DB57A /* MMViewModel.h */ = {isa = PBXFileReference; lastKnownFileType = sourcecode.c.h; path = MMViewModel.h; sourceTree = "<group>"; };
		E61F351521E72E6F006DB57A /* MMViewModel.m */ = {isa = PBXFileReference; lastKnownFileType = sourcecode.c.objc; path = MMViewModel.m; sourceTree = "<group>"; };
		E61F353421E88256006DB57A /* MMViewModelService.h */ = {isa = PBXFileReference; lastKnownFileType = sourcecode.c.h; path = MMViewModelService.h; sourceTree = "<group>"; };
		E61F353521E884AD006DB57A /* MMViewModelServiceImpl.h */ = {isa = PBXFileReference; lastKnownFileType = sourcecode.c.h; path = MMViewModelServiceImpl.h; sourceTree = "<group>"; };
		E61F353621E884AD006DB57A /* MMViewModelServiceImpl.m */ = {isa = PBXFileReference; lastKnownFileType = sourcecode.c.objc; path = MMViewModelServiceImpl.m; sourceTree = "<group>"; };
		E61F353821E885E5006DB57A /* MMViewModelProtocolImpl.h */ = {isa = PBXFileReference; lastKnownFileType = sourcecode.c.h; path = MMViewModelProtocolImpl.h; sourceTree = "<group>"; };
		E65EE3EC21EC8674001C9F87 /* MMAppDotNetAPIClient.h */ = {isa = PBXFileReference; fileEncoding = 4; lastKnownFileType = sourcecode.c.h; path = MMAppDotNetAPIClient.h; sourceTree = "<group>"; };
		E65EE3ED21EC8674001C9F87 /* MMNetWorking.h */ = {isa = PBXFileReference; fileEncoding = 4; lastKnownFileType = sourcecode.c.h; path = MMNetWorking.h; sourceTree = "<group>"; };
		E65EE3EE21EC8674001C9F87 /* MMNetWorking.m */ = {isa = PBXFileReference; fileEncoding = 4; lastKnownFileType = sourcecode.c.objc; path = MMNetWorking.m; sourceTree = "<group>"; };
		E65EE3EF21EC8674001C9F87 /* MMAppDotNetAPIClient.m */ = {isa = PBXFileReference; fileEncoding = 4; lastKnownFileType = sourcecode.c.objc; path = MMAppDotNetAPIClient.m; sourceTree = "<group>"; };
		E65EE3F221EC8D44001C9F87 /* MMConst.h */ = {isa = PBXFileReference; lastKnownFileType = sourcecode.c.h; path = MMConst.h; sourceTree = "<group>"; };
		E65EE3F321EC8D44001C9F87 /* MMConst.m */ = {isa = PBXFileReference; lastKnownFileType = sourcecode.c.objc; path = MMConst.m; sourceTree = "<group>"; };
		E65EE3F621EC8D86001C9F87 /* MMCityTravelProtocolImpl.h */ = {isa = PBXFileReference; fileEncoding = 4; lastKnownFileType = sourcecode.c.h; path = MMCityTravelProtocolImpl.h; sourceTree = "<group>"; };
		E65EE3F721EC8D86001C9F87 /* MMCityTravelProtocolImpl.m */ = {isa = PBXFileReference; fileEncoding = 4; lastKnownFileType = sourcecode.c.objc; path = MMCityTravelProtocolImpl.m; sourceTree = "<group>"; };
		E65EE3F921EC916E001C9F87 /* MMServerConfig.h */ = {isa = PBXFileReference; lastKnownFileType = sourcecode.c.h; path = MMServerConfig.h; sourceTree = "<group>"; };
		E65EE3FA21EC916E001C9F87 /* MMServerConfig.m */ = {isa = PBXFileReference; lastKnownFileType = sourcecode.c.objc; path = MMServerConfig.m; sourceTree = "<group>"; };
		E67E835D21E305F8008615F2 /* AFNetworking.framework */ = {isa = PBXFileReference; lastKnownFileType = wrapper.framework; name = AFNetworking.framework; path = Carthage/Build/iOS/AFNetworking.framework; sourceTree = "<group>"; };
		E6ADE85821E340BB00C464F0 /* PrefixHeader.pch */ = {isa = PBXFileReference; lastKnownFileType = sourcecode.c.h; path = PrefixHeader.pch; sourceTree = "<group>"; };
		E6ADE85A21E3442400C464F0 /* MMFoldingTabBarControllerConfig.h */ = {isa = PBXFileReference; lastKnownFileType = sourcecode.c.h; path = MMFoldingTabBarControllerConfig.h; sourceTree = "<group>"; };
		E6ADE85B21E3442400C464F0 /* MMFoldingTabBarControllerConfig.m */ = {isa = PBXFileReference; lastKnownFileType = sourcecode.c.objc; path = MMFoldingTabBarControllerConfig.m; sourceTree = "<group>"; };
		E6DBA18C21E2F71200875237 /* MVVMDemo.app */ = {isa = PBXFileReference; explicitFileType = wrapper.application; includeInIndex = 0; path = MVVMDemo.app; sourceTree = BUILT_PRODUCTS_DIR; };
/* End PBXFileReference section */

/* Begin PBXFrameworksBuildPhase section */
		E6DBA18921E2F71200875237 /* Frameworks */ = {
			isa = PBXFrameworksBuildPhase;
			buildActionMask = 2147483647;
			files = (
				E67E835E21E305F8008615F2 /* AFNetworking.framework in Frameworks */,
				476D428158B3151D75437CB1 /* libPods-MVVMDemo.a in Frameworks */,
			);
			runOnlyForDeploymentPostprocessing = 0;
		};
/* End PBXFrameworksBuildPhase section */

/* Begin PBXGroup section */
		3166418C578D3F8A4320EF38 /* Configure */ = {
			isa = PBXGroup;
			children = (
				E61F34FA21E5DD29006DB57A /* MMConfig.h */,
				E65EE3F221EC8D44001C9F87 /* MMConst.h */,
				E65EE3F321EC8D44001C9F87 /* MMConst.m */,
				E65EE3F921EC916E001C9F87 /* MMServerConfig.h */,
				E65EE3FA21EC916E001C9F87 /* MMServerConfig.m */,
			);
			path = Configure;
			sourceTree = "<group>";
		};
		316641C70B33A4E779EABB44 /* Tool */ = {
			isa = PBXGroup;
			children = (
				E65EE3EB21EC8674001C9F87 /* NetWork */,
				3166418C578D3F8A4320EF38 /* Configure */,
			);
			path = Tool;
			sourceTree = "<group>";
		};
		31664314082B0E058EE0FE03 /* Classes */ = {
			isa = PBXGroup;
			children = (
				31664EC620BDF2A3A494172A /* Main */,
				31664A2135D53A09DCF49604 /* City */,
				31664B61C3BDA3E1FCA586B3 /* Find */,
				31664879D09BC977BD716828 /* Me */,
				316648F8C3C853AE2C0B0030 /* Destination */,
			);
			path = Classes;
			sourceTree = "<group>";
		};
		31664460BDEE8F9A6133A685 /* Model */ = {
			isa = PBXGroup;
			children = (
				E65EE3F621EC8D86001C9F87 /* MMCityTravelProtocolImpl.h */,
				E65EE3F721EC8D86001C9F87 /* MMCityTravelProtocolImpl.m */,
			);
			path = Model;
			sourceTree = "<group>";
		};
		316644BEB1F25C1DF1B5AFF9 /* Base */ = {
			isa = PBXGroup;
			children = (
				E61F34FE21E5E294006DB57A /* Controller */,
				31664D1FED5FA5C37D8A7266 /* ViewModel */,
				31664B3DED6D43DEB9293ED9 /* Model */,
			);
			path = Base;
			sourceTree = "<group>";
		};
		316645C69FA0EADCD6285ED5 /* Controller */ = {
			isa = PBXGroup;
			children = (
				E61F34FB21E5E1C5006DB57A /* MMCityTravelNotesViewController.h */,
				E61F34FC21E5E1C5006DB57A /* MMCityTravelNotesViewController.m */,
			);
			path = Controller;
			sourceTree = "<group>";
		};
		31664879D09BC977BD716828 /* Me */ = {
			isa = PBXGroup;
			children = (
			);
			path = Me;
			sourceTree = "<group>";
		};
		316648F8C3C853AE2C0B0030 /* Destination */ = {
			isa = PBXGroup;
			children = (
			);
			path = Destination;
			sourceTree = "<group>";
		};
		316649F1BA4E002E69BBE7FA /* View */ = {
			isa = PBXGroup;
			children = (
			);
			path = View;
			sourceTree = "<group>";
		};
		31664A2135D53A09DCF49604 /* City */ = {
			isa = PBXGroup;
			children = (
				316645C69FA0EADCD6285ED5 /* Controller */,
				31664460BDEE8F9A6133A685 /* Model */,
				316649F1BA4E002E69BBE7FA /* View */,
				31664F9CE73F92CA5D315B32 /* ViewModel */,
			);
			path = City;
			sourceTree = "<group>";
		};
		31664B3DED6D43DEB9293ED9 /* Model */ = {
			isa = PBXGroup;
			children = (
				E61F353821E885E5006DB57A /* MMViewModelProtocolImpl.h */,
			);
			path = Model;
			sourceTree = "<group>";
		};
		31664B61C3BDA3E1FCA586B3 /* Find */ = {
			isa = PBXGroup;
			children = (
				E61F350221E5EC77006DB57A /* Controller */,
			);
			path = Find;
			sourceTree = "<group>";
		};
		31664D1FED5FA5C37D8A7266 /* ViewModel */ = {
			isa = PBXGroup;
			children = (
				E61F351421E72E6F006DB57A /* MMViewModel.h */,
				E61F351521E72E6F006DB57A /* MMViewModel.m */,
				E61F353421E88256006DB57A /* MMViewModelService.h */,
				E61F353521E884AD006DB57A /* MMViewModelServiceImpl.h */,
				E61F353621E884AD006DB57A /* MMViewModelServiceImpl.m */,
			);
			path = ViewModel;
			sourceTree = "<group>";
		};
		31664E3B912760E90D87117B /* SupportingFiles */ = {
			isa = PBXGroup;
			children = (
				3166463013DD0E959290312F /* Info.plist */,
				31664FF64BAD3AC7720357AD /* main.m */,
				E6ADE85821E340BB00C464F0 /* PrefixHeader.pch */,
			);
			path = SupportingFiles;
			sourceTree = "<group>";
		};
		31664E5CC88CF56C5FF738DC /* Application */ = {
			isa = PBXGroup;
			children = (
				31664383DD4A120D72AF37BD /* MMAppDelegate.h */,
				31664AAB1E9D8D6575770424 /* MMAppDelegate.m */,
				31664C324A3AFB1356B852B9 /* Assets.xcassets */,
				316643C210381E7EE0CD0DE3 /* LaunchScreen.storyboard */,
				316644B4A5D46E75EF757408 /* Main.storyboard */,
			);
			path = Application;
			sourceTree = "<group>";
		};
		31664EC620BDF2A3A494172A /* Main */ = {
			isa = PBXGroup;
			children = (
				E6ADE85921E3436A00C464F0 /* TabBarConfig */,
				316644BEB1F25C1DF1B5AFF9 /* Base */,
			);
			path = Main;
			sourceTree = "<group>";
		};
		31664F9CE73F92CA5D315B32 /* ViewModel */ = {
			isa = PBXGroup;
			children = (
			);
			path = ViewModel;
			sourceTree = "<group>";
		};
		7E4B4EA88AC1714A0B1D151A /* Frameworks */ = {
			isa = PBXGroup;
			children = (
				E67E835D21E305F8008615F2 /* AFNetworking.framework */,
				A472BC874BF926DCE6EEA21F /* libPods-MVVMDemo.a */,
			);
			name = Frameworks;
			sourceTree = "<group>";
		};
		8D1C378A309E41BC22C35E72 /* Pods */ = {
			isa = PBXGroup;
			children = (
				2364ABFC43B26AEA2A28FEE1 /* Pods-MVVMDemo.debug.xcconfig */,
				1D71FE51E4B15D706CF68B9C /* Pods-MVVMDemo.release.xcconfig */,
			);
			name = Pods;
			sourceTree = "<group>";
		};
		E61F34FE21E5E294006DB57A /* Controller */ = {
			isa = PBXGroup;
			children = (
				E61F34FF21E5E2C6006DB57A /* MMBaseViewController.h */,
				E61F350021E5E2C6006DB57A /* MMBaseViewController.m */,
			);
			path = Controller;
			sourceTree = "<group>";
		};
		E61F350221E5EC77006DB57A /* Controller */ = {
			isa = PBXGroup;
			children = (
				E61F350321E5EC9A006DB57A /* MMFindViewController.h */,
				E61F350421E5EC9A006DB57A /* MMFindViewController.m */,
			);
			path = Controller;
			sourceTree = "<group>";
		};
		E65EE3EB21EC8674001C9F87 /* NetWork */ = {
			isa = PBXGroup;
			children = (
				E65EE3EC21EC8674001C9F87 /* MMAppDotNetAPIClient.h */,
				E65EE3EF21EC8674001C9F87 /* MMAppDotNetAPIClient.m */,
				E65EE3ED21EC8674001C9F87 /* MMNetWorking.h */,
				E65EE3EE21EC8674001C9F87 /* MMNetWorking.m */,
			);
			path = NetWork;
			sourceTree = "<group>";
		};
		E6ADE85921E3436A00C464F0 /* TabBarConfig */ = {
			isa = PBXGroup;
			children = (
				E6ADE85A21E3442400C464F0 /* MMFoldingTabBarControllerConfig.h */,
				E6ADE85B21E3442400C464F0 /* MMFoldingTabBarControllerConfig.m */,
			);
			path = TabBarConfig;
			sourceTree = "<group>";
		};
		E6DBA18321E2F71200875237 = {
			isa = PBXGroup;
			children = (
				E6DBA18E21E2F71200875237 /* MVVMDemo */,
				E6DBA18D21E2F71200875237 /* Products */,
				8D1C378A309E41BC22C35E72 /* Pods */,
				7E4B4EA88AC1714A0B1D151A /* Frameworks */,
			);
			sourceTree = "<group>";
		};
		E6DBA18D21E2F71200875237 /* Products */ = {
			isa = PBXGroup;
			children = (
				E6DBA18C21E2F71200875237 /* MVVMDemo.app */,
			);
			name = Products;
			sourceTree = "<group>";
		};
		E6DBA18E21E2F71200875237 /* MVVMDemo */ = {
			isa = PBXGroup;
			children = (
				31664E5CC88CF56C5FF738DC /* Application */,
				31664E3B912760E90D87117B /* SupportingFiles */,
				31664314082B0E058EE0FE03 /* Classes */,
				316641C70B33A4E779EABB44 /* Tool */,
			);
			path = MVVMDemo;
			sourceTree = "<group>";
		};
/* End PBXGroup section */

/* Begin PBXNativeTarget section */
		E6DBA18B21E2F71200875237 /* MVVMDemo */ = {
			isa = PBXNativeTarget;
			buildConfigurationList = E6DBA1A221E2F71400875237 /* Build configuration list for PBXNativeTarget "MVVMDemo" */;
			buildPhases = (
				6E80317D44C201B2D8980604 /* [CP] Check Pods Manifest.lock */,
				E6DBA18821E2F71200875237 /* Sources */,
				E6DBA18921E2F71200875237 /* Frameworks */,
				E6DBA18A21E2F71200875237 /* Resources */,
				EA0D62B00F595E847DD598C2 /* [CP] Copy Pods Resources */,
				E67E835F21E3066F008615F2 /* ShellScript */,
			);
			buildRules = (
			);
			dependencies = (
			);
			name = MVVMDemo;
			productName = MVVMDemo;
			productReference = E6DBA18C21E2F71200875237 /* MVVMDemo.app */;
			productType = "com.apple.product-type.application";
		};
/* End PBXNativeTarget section */

/* Begin PBXProject section */
		E6DBA18421E2F71200875237 /* Project object */ = {
			isa = PBXProject;
			attributes = {
				LastUpgradeCheck = 1010;
				ORGANIZATIONNAME = Insomnia;
				TargetAttributes = {
					E6DBA18B21E2F71200875237 = {
						CreatedOnToolsVersion = 10.1;
					};
				};
			};
			buildConfigurationList = E6DBA18721E2F71200875237 /* Build configuration list for PBXProject "MVVMDemo" */;
			compatibilityVersion = "Xcode 9.3";
			developmentRegion = en;
			hasScannedForEncodings = 0;
			knownRegions = (
				en,
				Base,
			);
			mainGroup = E6DBA18321E2F71200875237;
			productRefGroup = E6DBA18D21E2F71200875237 /* Products */;
			projectDirPath = "";
			projectRoot = "";
			targets = (
				E6DBA18B21E2F71200875237 /* MVVMDemo */,
			);
		};
/* End PBXProject section */

/* Begin PBXResourcesBuildPhase section */
		E6DBA18A21E2F71200875237 /* Resources */ = {
			isa = PBXResourcesBuildPhase;
			buildActionMask = 2147483647;
			files = (
				316648EF1F4B7FF55ADA1AA8 /* Assets.xcassets in Resources */,
				3166480C52A816BFA7B9B1D8 /* LaunchScreen.storyboard in Resources */,
				31664C2014C78F7D0DBDAB1F /* Main.storyboard in Resources */,
			);
			runOnlyForDeploymentPostprocessing = 0;
		};
/* End PBXResourcesBuildPhase section */

/* Begin PBXShellScriptBuildPhase section */
		6E80317D44C201B2D8980604 /* [CP] Check Pods Manifest.lock */ = {
			isa = PBXShellScriptBuildPhase;
			buildActionMask = 2147483647;
			files = (
			);
			inputPaths = (
				"${PODS_PODFILE_DIR_PATH}/Podfile.lock",
				"${PODS_ROOT}/Manifest.lock",
			);
			name = "[CP] Check Pods Manifest.lock";
			outputPaths = (
				"$(DERIVED_FILE_DIR)/Pods-MVVMDemo-checkManifestLockResult.txt",
			);
			runOnlyForDeploymentPostprocessing = 0;
			shellPath = /bin/sh;
			shellScript = "diff \"${PODS_PODFILE_DIR_PATH}/Podfile.lock\" \"${PODS_ROOT}/Manifest.lock\" > /dev/null\nif [ $? != 0 ] ; then\n    # print error to STDERR\n    echo \"error: The sandbox is not in sync with the Podfile.lock. Run 'pod install' or update your CocoaPods installation.\" >&2\n    exit 1\nfi\n# This output is used by Xcode 'outputs' to avoid re-running this script phase.\necho \"SUCCESS\" > \"${SCRIPT_OUTPUT_FILE_0}\"\n";
			showEnvVarsInLog = 0;
		};
		E67E835F21E3066F008615F2 /* ShellScript */ = {
			isa = PBXShellScriptBuildPhase;
			buildActionMask = 2147483647;
			files = (
			);
			inputFileListPaths = (
			);
			inputPaths = (
				"$(SRCROOT)/Carthage/Build/iOS/AFNetworking.framework",
			);
			outputFileListPaths = (
			);
			outputPaths = (
			);
			runOnlyForDeploymentPostprocessing = 0;
			shellPath = "/bin/sh\n\n/usr/local/bin/carthage copy-frameworks\n\n/usr/local/bin/carthage copy-frameworks\n\n/usr/local/bin/carthage copy-frameworks\n\n/usr/local/bin/carthage copy-frameworks";
			shellScript = "/usr/local/bin/carthage copy-frameworks\n";
		};
		EA0D62B00F595E847DD598C2 /* [CP] Copy Pods Resources */ = {
			isa = PBXShellScriptBuildPhase;
			buildActionMask = 2147483647;
			files = (
			);
			inputPaths = (
				"${SRCROOT}/Pods/Target Support Files/Pods-MVVMDemo/Pods-MVVMDemo-resources.sh",
				"${PODS_ROOT}/IQKeyboardManager/IQKeyboardManager/Resources/IQKeyboardManager.bundle",
				"${PODS_ROOT}/JSPatch/JSPatch/JSPatch.js",
				"${PODS_ROOT}/MJRefresh/MJRefresh/MJRefresh.bundle",
			);
			name = "[CP] Copy Pods Resources";
			outputPaths = (
				"${TARGET_BUILD_DIR}/${UNLOCALIZED_RESOURCES_FOLDER_PATH}/IQKeyboardManager.bundle",
				"${TARGET_BUILD_DIR}/${UNLOCALIZED_RESOURCES_FOLDER_PATH}/JSPatch.js",
				"${TARGET_BUILD_DIR}/${UNLOCALIZED_RESOURCES_FOLDER_PATH}/MJRefresh.bundle",
			);
			runOnlyForDeploymentPostprocessing = 0;
			shellPath = /bin/sh;
			shellScript = "\"${SRCROOT}/Pods/Target Support Files/Pods-MVVMDemo/Pods-MVVMDemo-resources.sh\"\n";
			showEnvVarsInLog = 0;
		};
/* End PBXShellScriptBuildPhase section */

/* Begin PBXSourcesBuildPhase section */
		E6DBA18821E2F71200875237 /* Sources */ = {
			isa = PBXSourcesBuildPhase;
			buildActionMask = 2147483647;
			files = (
				E6ADE85C21E3442400C464F0 /* MMFoldingTabBarControllerConfig.m in Sources */,
				E65EE3F121EC8674001C9F87 /* MMAppDotNetAPIClient.m in Sources */,
				E65EE3F821EC8D86001C9F87 /* MMCityTravelProtocolImpl.m in Sources */,
				E61F350521E5EC9A006DB57A /* MMFindViewController.m in Sources */,
				E61F350121E5E2C6006DB57A /* MMBaseViewController.m in Sources */,
				E65EE3FB21EC916E001C9F87 /* MMServerConfig.m in Sources */,
				31664E23D8289672AADF2F37 /* MMAppDelegate.m in Sources */,
				E65EE3F421EC8D44001C9F87 /* MMConst.m in Sources */,
				E65EE3F021EC8674001C9F87 /* MMNetWorking.m in Sources */,
				E61F353721E884AD006DB57A /* MMViewModelServiceImpl.m in Sources */,
				316647A2880CBE88EA9E32C9 /* main.m in Sources */,
				E61F34FD21E5E1C5006DB57A /* MMCityTravelNotesViewController.m in Sources */,
				E61F351621E72E6F006DB57A /* MMViewModel.m in Sources */,
			);
			runOnlyForDeploymentPostprocessing = 0;
		};
/* End PBXSourcesBuildPhase section */

/* Begin XCBuildConfiguration section */
		E6DBA1A021E2F71400875237 /* Debug */ = {
			isa = XCBuildConfiguration;
			buildSettings = {
				ALWAYS_SEARCH_USER_PATHS = NO;
				CLANG_ANALYZER_NONNULL = YES;
				CLANG_ANALYZER_NUMBER_OBJECT_CONVERSION = YES_AGGRESSIVE;
				CLANG_CXX_LANGUAGE_STANDARD = "gnu++14";
				CLANG_CXX_LIBRARY = "libc++";
				CLANG_ENABLE_MODULES = YES;
				CLANG_ENABLE_OBJC_ARC = YES;
				CLANG_ENABLE_OBJC_WEAK = YES;
				CLANG_WARN_BLOCK_CAPTURE_AUTORELEASING = YES;
				CLANG_WARN_BOOL_CONVERSION = YES;
				CLANG_WARN_COMMA = YES;
				CLANG_WARN_CONSTANT_CONVERSION = YES;
				CLANG_WARN_DEPRECATED_OBJC_IMPLEMENTATIONS = YES;
				CLANG_WARN_DIRECT_OBJC_ISA_USAGE = YES_ERROR;
				CLANG_WARN_DOCUMENTATION_COMMENTS = YES;
				CLANG_WARN_EMPTY_BODY = YES;
				CLANG_WARN_ENUM_CONVERSION = YES;
				CLANG_WARN_INFINITE_RECURSION = YES;
				CLANG_WARN_INT_CONVERSION = YES;
				CLANG_WARN_NON_LITERAL_NULL_CONVERSION = YES;
				CLANG_WARN_OBJC_IMPLICIT_RETAIN_SELF = YES;
				CLANG_WARN_OBJC_LITERAL_CONVERSION = YES;
				CLANG_WARN_OBJC_ROOT_CLASS = YES_ERROR;
				CLANG_WARN_RANGE_LOOP_ANALYSIS = YES;
				CLANG_WARN_STRICT_PROTOTYPES = YES;
				CLANG_WARN_SUSPICIOUS_MOVE = YES;
				CLANG_WARN_UNGUARDED_AVAILABILITY = YES_AGGRESSIVE;
				CLANG_WARN_UNREACHABLE_CODE = YES;
				CLANG_WARN__DUPLICATE_METHOD_MATCH = YES;
				CODE_SIGN_IDENTITY = "iPhone Developer";
				COPY_PHASE_STRIP = NO;
				DEBUG_INFORMATION_FORMAT = dwarf;
				ENABLE_STRICT_OBJC_MSGSEND = YES;
				ENABLE_TESTABILITY = YES;
				GCC_C_LANGUAGE_STANDARD = gnu11;
				GCC_DYNAMIC_NO_PIC = NO;
				GCC_NO_COMMON_BLOCKS = YES;
				GCC_OPTIMIZATION_LEVEL = 0;
				GCC_PREPROCESSOR_DEFINITIONS = (
					"DEBUG=1",
					"$(inherited)",
				);
				GCC_WARN_64_TO_32_BIT_CONVERSION = YES;
				GCC_WARN_ABOUT_RETURN_TYPE = YES_ERROR;
				GCC_WARN_UNDECLARED_SELECTOR = YES;
				GCC_WARN_UNINITIALIZED_AUTOS = YES_AGGRESSIVE;
				GCC_WARN_UNUSED_FUNCTION = YES;
				GCC_WARN_UNUSED_VARIABLE = YES;
				IPHONEOS_DEPLOYMENT_TARGET = 12.1;
				MTL_ENABLE_DEBUG_INFO = INCLUDE_SOURCE;
				MTL_FAST_MATH = YES;
				ONLY_ACTIVE_ARCH = YES;
				SDKROOT = iphoneos;
			};
			name = Debug;
		};
		E6DBA1A121E2F71400875237 /* Release */ = {
			isa = XCBuildConfiguration;
			buildSettings = {
				ALWAYS_SEARCH_USER_PATHS = NO;
				CLANG_ANALYZER_NONNULL = YES;
				CLANG_ANALYZER_NUMBER_OBJECT_CONVERSION = YES_AGGRESSIVE;
				CLANG_CXX_LANGUAGE_STANDARD = "gnu++14";
				CLANG_CXX_LIBRARY = "libc++";
				CLANG_ENABLE_MODULES = YES;
				CLANG_ENABLE_OBJC_ARC = YES;
				CLANG_ENABLE_OBJC_WEAK = YES;
				CLANG_WARN_BLOCK_CAPTURE_AUTORELEASING = YES;
				CLANG_WARN_BOOL_CONVERSION = YES;
				CLANG_WARN_COMMA = YES;
				CLANG_WARN_CONSTANT_CONVERSION = YES;
				CLANG_WARN_DEPRECATED_OBJC_IMPLEMENTATIONS = YES;
				CLANG_WARN_DIRECT_OBJC_ISA_USAGE = YES_ERROR;
				CLANG_WARN_DOCUMENTATION_COMMENTS = YES;
				CLANG_WARN_EMPTY_BODY = YES;
				CLANG_WARN_ENUM_CONVERSION = YES;
				CLANG_WARN_INFINITE_RECURSION = YES;
				CLANG_WARN_INT_CONVERSION = YES;
				CLANG_WARN_NON_LITERAL_NULL_CONVERSION = YES;
				CLANG_WARN_OBJC_IMPLICIT_RETAIN_SELF = YES;
				CLANG_WARN_OBJC_LITERAL_CONVERSION = YES;
				CLANG_WARN_OBJC_ROOT_CLASS = YES_ERROR;
				CLANG_WARN_RANGE_LOOP_ANALYSIS = YES;
				CLANG_WARN_STRICT_PROTOTYPES = YES;
				CLANG_WARN_SUSPICIOUS_MOVE = YES;
				CLANG_WARN_UNGUARDED_AVAILABILITY = YES_AGGRESSIVE;
				CLANG_WARN_UNREACHABLE_CODE = YES;
				CLANG_WARN__DUPLICATE_METHOD_MATCH = YES;
				CODE_SIGN_IDENTITY = "iPhone Developer";
				COPY_PHASE_STRIP = NO;
				DEBUG_INFORMATION_FORMAT = "dwarf-with-dsym";
				ENABLE_NS_ASSERTIONS = NO;
				ENABLE_STRICT_OBJC_MSGSEND = YES;
				GCC_C_LANGUAGE_STANDARD = gnu11;
				GCC_NO_COMMON_BLOCKS = YES;
				GCC_WARN_64_TO_32_BIT_CONVERSION = YES;
				GCC_WARN_ABOUT_RETURN_TYPE = YES_ERROR;
				GCC_WARN_UNDECLARED_SELECTOR = YES;
				GCC_WARN_UNINITIALIZED_AUTOS = YES_AGGRESSIVE;
				GCC_WARN_UNUSED_FUNCTION = YES;
				GCC_WARN_UNUSED_VARIABLE = YES;
				IPHONEOS_DEPLOYMENT_TARGET = 12.1;
				MTL_ENABLE_DEBUG_INFO = NO;
				MTL_FAST_MATH = YES;
				SDKROOT = iphoneos;
				VALIDATE_PRODUCT = YES;
			};
			name = Release;
		};
		E6DBA1A321E2F71400875237 /* Debug */ = {
			isa = XCBuildConfiguration;
			baseConfigurationReference = 2364ABFC43B26AEA2A28FEE1 /* Pods-MVVMDemo.debug.xcconfig */;
			buildSettings = {
				ASSETCATALOG_COMPILER_APPICON_NAME = AppIcon;
				CODE_SIGN_STYLE = Automatic;
				DEVELOPMENT_TEAM = XM8VFF44DF;
				FRAMEWORK_SEARCH_PATHS = (
					"$(inherited)",
					"$(PROJECT_DIR)/Carthage/Build/iOS",
				);
				GCC_PREFIX_HEADER = "$(SRCROOT)/$(PRODUCT_NAME)/SupportingFiles/PrefixHeader.pch";
				INFOPLIST_FILE = MVVMDemo/SupportingFiles/Info.plist;
				IPHONEOS_DEPLOYMENT_TARGET = 8.0;
				LD_RUNPATH_SEARCH_PATHS = (
					"$(inherited)",
					"@executable_path/Frameworks",
				);
				PRODUCT_BUNDLE_IDENTIFIER = com.Insomnia.MVVMDemo;
				PRODUCT_NAME = "$(TARGET_NAME)";
				TARGETED_DEVICE_FAMILY = "1,2";
			};
			name = Debug;
		};
		E6DBA1A421E2F71400875237 /* Release */ = {
			isa = XCBuildConfiguration;
			baseConfigurationReference = 1D71FE51E4B15D706CF68B9C /* Pods-MVVMDemo.release.xcconfig */;
			buildSettings = {
				ASSETCATALOG_COMPILER_APPICON_NAME = AppIcon;
				CODE_SIGN_STYLE = Automatic;
				DEVELOPMENT_TEAM = XM8VFF44DF;
				FRAMEWORK_SEARCH_PATHS = (
					"$(inherited)",
					"$(PROJECT_DIR)/Carthage/Build/iOS",
				);
				GCC_PREFIX_HEADER = "$(SRCROOT)/$(PRODUCT_NAME)/SupportingFiles/PrefixHeader.pch";
				INFOPLIST_FILE = MVVMDemo/SupportingFiles/Info.plist;
				IPHONEOS_DEPLOYMENT_TARGET = 8.0;
				LD_RUNPATH_SEARCH_PATHS = (
					"$(inherited)",
					"@executable_path/Frameworks",
				);
				PRODUCT_BUNDLE_IDENTIFIER = com.Insomnia.MVVMDemo;
				PRODUCT_NAME = "$(TARGET_NAME)";
				TARGETED_DEVICE_FAMILY = "1,2";
			};
			name = Release;
		};
/* End XCBuildConfiguration section */

/* Begin XCConfigurationList section */
		E6DBA18721E2F71200875237 /* Build configuration list for PBXProject "MVVMDemo" */ = {
			isa = XCConfigurationList;
			buildConfigurations = (
				E6DBA1A021E2F71400875237 /* Debug */,
				E6DBA1A121E2F71400875237 /* Release */,
			);
			defaultConfigurationIsVisible = 0;
			defaultConfigurationName = Release;
		};
		E6DBA1A221E2F71400875237 /* Build configuration list for PBXNativeTarget "MVVMDemo" */ = {
			isa = XCConfigurationList;
			buildConfigurations = (
				E6DBA1A321E2F71400875237 /* Debug */,
				E6DBA1A421E2F71400875237 /* Release */,
			);
			defaultConfigurationIsVisible = 0;
			defaultConfigurationName = Release;
		};
/* End XCConfigurationList section */
	};
	rootObject = E6DBA18421E2F71200875237 /* Project object */;
}
